# THIS IS AN AUTOGENERATED FILE. DO NOT EDIT THIS FILE DIRECTLY.
# yarn lockfile v1


"@harvey0379/shinco@^1.0.2":
  version "1.0.2"
  resolved "https://registry.yarnpkg.com/@harvey0379/shinco/-/shinco-1.0.2.tgz#6477b52e81a05316a8379a06a81f6e98e8356af4"
  integrity sha512-s5pRS2HeFpsOU6i7KgEwYtZrXzHqAe7VeIJ1sLM+voEgkFEdj2OjuvGqtPvSIFrpWz0cuhPvnIl9FtcINBYQqA==
